
Microsoft Visual Studio Solution File, Format Version 12.00
# Visual Studio 15
VisualStudioVersion = 15.0.27703.2035
MinimumVisualStudioVersion = 10.0.40219.1
Project("{FAE04EC0-301F-11D3-BF4B-00C04F79EFBC}") = "Comic-book-gallery", "Comic-book-gallery\Comic-book-gallery.csproj", "{C388F2E9-4D88-4CB7-946E-A4DD26D41FF0}"
EndProject
Global
	GlobalSection(SolutionConfigurationPlatforms) = preSolution
		Debug|Any CPU = Debug|Any CPU
		Release|Any CPU = Release|Any CPU
	EndGlobalSection
	GlobalSection(ProjectConfigurationPlatforms) = postSolution
		{C388F2E9-4D88-4CB7-946E-A4DD26D41FF0}.Debug|Any CPU.ActiveCfg = Debug|Any CPU
		{C388F2E9-4D88-4CB7-946E-A4DD26D41FF0}.Debug|Any CPU.Build.0 = Debug|Any CPU
		{C388F2E9-4D88-4CB7-946E-A4DD26D41FF0}.Release|Any CPU.ActiveCfg = Release|Any CPU
		{C388F2E9-4D88-4CB7-946E-A4DD26D41FF0}.Release|Any CPU.Build.0 = Release|Any CPU
	EndGlobalSection
	GlobalSection(SolutionProperties) = preSolution
		HideSolutionNode = FALSE
	EndGlobalSection
	GlobalSection(ExtensibilityGlobals) = postSolution
		SolutionGuid = {1B024661-46DC-494A-AE18-25B7C5C42B17}
	EndGlobalSection
EndGlobal
